
Microsoft Visual Studio Solution File, Format Version 12.00
# Visual Studio Version 16
VisualStudioVersion = 16.0.29519.181
MinimumVisualStudioVersion = 10.0.40219.1
Project("{FAE04EC0-301F-11D3-BF4B-00C04F79EFBC}") = "Problem2", "ConsoleApp1\Problem2.csproj", "{A8CFB21A-C593-4A07-95F1-A2DE5462D1B0}"
EndProject
Project("{FAE04EC0-301F-11D3-BF4B-00C04F79EFBC}") = "Problem3", "Problem3\Problem3.csproj", "{B7756D84-619A-403F-90BD-CD76D020C6FD}"
EndProject
Project("{FAE04EC0-301F-11D3-BF4B-00C04F79EFBC}") = "Problem5", "Problem5\Problem5.csproj", "{32BAA9C8-683A-4175-8475-A57C4D231985}"
EndProject
Global
	GlobalSection(SolutionConfigurationPlatforms) = preSolution
		Debug|Any CPU = Debug|Any CPU
		Release|Any CPU = Release|Any CPU
	EndGlobalSection
	GlobalSection(ProjectConfigurationPlatforms) = postSolution
		{A8CFB21A-C593-4A07-95F1-A2DE5462D1B0}.Debug|Any CPU.ActiveCfg = Debug|Any CPU
		{A8CFB21A-C593-4A07-95F1-A2DE5462D1B0}.Debug|Any CPU.Build.0 = Debug|Any CPU
		{A8CFB21A-C593-4A07-95F1-A2DE5462D1B0}.Release|Any CPU.ActiveCfg = Release|Any CPU
		{A8CFB21A-C593-4A07-95F1-A2DE5462D1B0}.Release|Any CPU.Build.0 = Release|Any CPU
		{B7756D84-619A-403F-90BD-CD76D020C6FD}.Debug|Any CPU.ActiveCfg = Debug|Any CPU
		{B7756D84-619A-403F-90BD-CD76D020C6FD}.Debug|Any CPU.Build.0 = Debug|Any CPU
		{B7756D84-619A-403F-90BD-CD76D020C6FD}.Release|Any CPU.ActiveCfg = Release|Any CPU
		{B7756D84-619A-403F-90BD-CD76D020C6FD}.Release|Any CPU.Build.0 = Release|Any CPU
		{32BAA9C8-683A-4175-8475-A57C4D231985}.Debug|Any CPU.ActiveCfg = Debug|Any CPU
		{32BAA9C8-683A-4175-8475-A57C4D231985}.Debug|Any CPU.Build.0 = Debug|Any CPU
		{32BAA9C8-683A-4175-8475-A57C4D231985}.Release|Any CPU.ActiveCfg = Release|Any CPU
		{32BAA9C8-683A-4175-8475-A57C4D231985}.Release|Any CPU.Build.0 = Release|Any CPU
	EndGlobalSection
	GlobalSection(SolutionProperties) = preSolution
		HideSolutionNode = FALSE
	EndGlobalSection
	GlobalSection(ExtensibilityGlobals) = postSolution
		SolutionGuid = {5014BC19-B078-4D0E-8565-7DB959611CC5}
	EndGlobalSection
EndGlobal
